
Microsoft Visual Studio Solution File, Format Version 12.00
# Visual Studio Version 17
VisualStudioVersion = 17.13.35825.156 d17.13
MinimumVisualStudioVersion = 10.0.40219.1
Project("{FAE04EC0-301F-11D3-BF4B-00C04F79EFBC}") = "calcu", "calcu\calcu.csproj", "{0844AEDE-0C4C-46C5-A19D-EB1D356CD6C0}"
EndProject
Global
	GlobalSection(SolutionConfigurationPlatforms) = preSolution
		Debug|Any CPU = Debug|Any CPU
		Release|Any CPU = Release|Any CPU
	EndGlobalSection
	GlobalSection(ProjectConfigurationPlatforms) = postSolution
		{0844AEDE-0C4C-46C5-A19D-EB1D356CD6C0}.Debug|Any CPU.ActiveCfg = Debug|Any CPU
		{0844AEDE-0C4C-46C5-A19D-EB1D356CD6C0}.Debug|Any CPU.Build.0 = Debug|Any CPU
		{0844AEDE-0C4C-46C5-A19D-EB1D356CD6C0}.Release|Any CPU.ActiveCfg = Release|Any CPU
		{0844AEDE-0C4C-46C5-A19D-EB1D356CD6C0}.Release|Any CPU.Build.0 = Release|Any CPU
	EndGlobalSection
	GlobalSection(SolutionProperties) = preSolution
		HideSolutionNode = FALSE
	EndGlobalSection
	GlobalSection(ExtensibilityGlobals) = postSolution
		SolutionGuid = {371FE5C8-DFBF-4752-A95A-321A856EA2C7}
	EndGlobalSection
EndGlobal
